
Microsoft Visual Studio Solution File, Format Version 12.00
# Visual Studio Version 17
VisualStudioVersion = 17.0.32014.148
MinimumVisualStudioVersion = 10.0.40219.1
Project("{8BC9CEB8-8B4A-11D0-8D11-00A0C91BC942}") = "MajorityElement", "MajorityElement\MajorityElement.vcxproj", "{042461A3-9B8C-4518-9745-DA820D17C283}"
EndProject
Global
	GlobalSection(SolutionConfigurationPlatforms) = preSolution
		Debug|x64 = Debug|x64
		Debug|x86 = Debug|x86
		Release|x64 = Release|x64
		Release|x86 = Release|x86
	EndGlobalSection
	GlobalSection(ProjectConfigurationPlatforms) = postSolution
		{042461A3-9B8C-4518-9745-DA820D17C283}.Debug|x64.ActiveCfg = Debug|x64
		{042461A3-9B8C-4518-9745-DA820D17C283}.Debug|x64.Build.0 = Debug|x64
		{042461A3-9B8C-4518-9745-DA820D17C283}.Debug|x86.ActiveCfg = Debug|Win32
		{042461A3-9B8C-4518-9745-DA820D17C283}.Debug|x86.Build.0 = Debug|Win32
		{042461A3-9B8C-4518-9745-DA820D17C283}.Release|x64.ActiveCfg = Release|x64
		{042461A3-9B8C-4518-9745-DA820D17C283}.Release|x64.Build.0 = Release|x64
		{042461A3-9B8C-4518-9745-DA820D17C283}.Release|x86.ActiveCfg = Release|Win32
		{042461A3-9B8C-4518-9745-DA820D17C283}.Release|x86.Build.0 = Release|Win32
	EndGlobalSection
	GlobalSection(SolutionProperties) = preSolution
		HideSolutionNode = FALSE
	EndGlobalSection
	GlobalSection(ExtensibilityGlobals) = postSolution
		SolutionGuid = {A541AA8B-D3C3-46C7-B962-F7D54F0E6AB0}
	EndGlobalSection
EndGlobal
