
Microsoft Visual Studio Solution File, Format Version 12.00
# Visual Studio Version 17
VisualStudioVersion = 17.0.32014.148
MinimumVisualStudioVersion = 10.0.40219.1
Project("{8BC9CEB8-8B4A-11D0-8D11-00A0C91BC942}") = "BinarySearchDuplicate", "BinarySearchDuplicate\BinarySearchDuplicate.vcxproj", "{FA760D37-DFF4-467F-AB4C-97F6C4A5F9BA}"
EndProject
Global
	GlobalSection(SolutionConfigurationPlatforms) = preSolution
		Debug|x64 = Debug|x64
		Debug|x86 = Debug|x86
		Release|x64 = Release|x64
		Release|x86 = Release|x86
	EndGlobalSection
	GlobalSection(ProjectConfigurationPlatforms) = postSolution
		{FA760D37-DFF4-467F-AB4C-97F6C4A5F9BA}.Debug|x64.ActiveCfg = Debug|x64
		{FA760D37-DFF4-467F-AB4C-97F6C4A5F9BA}.Debug|x64.Build.0 = Debug|x64
		{FA760D37-DFF4-467F-AB4C-97F6C4A5F9BA}.Debug|x86.ActiveCfg = Debug|Win32
		{FA760D37-DFF4-467F-AB4C-97F6C4A5F9BA}.Debug|x86.Build.0 = Debug|Win32
		{FA760D37-DFF4-467F-AB4C-97F6C4A5F9BA}.Release|x64.ActiveCfg = Release|x64
		{FA760D37-DFF4-467F-AB4C-97F6C4A5F9BA}.Release|x64.Build.0 = Release|x64
		{FA760D37-DFF4-467F-AB4C-97F6C4A5F9BA}.Release|x86.ActiveCfg = Release|Win32
		{FA760D37-DFF4-467F-AB4C-97F6C4A5F9BA}.Release|x86.Build.0 = Release|Win32
	EndGlobalSection
	GlobalSection(SolutionProperties) = preSolution
		HideSolutionNode = FALSE
	EndGlobalSection
	GlobalSection(ExtensibilityGlobals) = postSolution
		SolutionGuid = {1232E27D-8C0A-449D-B78F-D3C7C974CC8A}
	EndGlobalSection
EndGlobal
