
Microsoft Visual Studio Solution File, Format Version 12.00
# Visual Studio Version 17
VisualStudioVersion = 17.0.32014.148
MinimumVisualStudioVersion = 10.0.40219.1
Project("{8BC9CEB8-8B4A-11D0-8D11-00A0C91BC942}") = "LastDigitSumFibo", "LastDigitSumFibo\LastDigitSumFibo.vcxproj", "{33417461-1195-4502-9C44-2D32AD6BC6A9}"
EndProject
Global
	GlobalSection(SolutionConfigurationPlatforms) = preSolution
		Debug|x64 = Debug|x64
		Debug|x86 = Debug|x86
		Release|x64 = Release|x64
		Release|x86 = Release|x86
	EndGlobalSection
	GlobalSection(ProjectConfigurationPlatforms) = postSolution
		{33417461-1195-4502-9C44-2D32AD6BC6A9}.Debug|x64.ActiveCfg = Debug|x64
		{33417461-1195-4502-9C44-2D32AD6BC6A9}.Debug|x64.Build.0 = Debug|x64
		{33417461-1195-4502-9C44-2D32AD6BC6A9}.Debug|x86.ActiveCfg = Debug|Win32
		{33417461-1195-4502-9C44-2D32AD6BC6A9}.Debug|x86.Build.0 = Debug|Win32
		{33417461-1195-4502-9C44-2D32AD6BC6A9}.Release|x64.ActiveCfg = Release|x64
		{33417461-1195-4502-9C44-2D32AD6BC6A9}.Release|x64.Build.0 = Release|x64
		{33417461-1195-4502-9C44-2D32AD6BC6A9}.Release|x86.ActiveCfg = Release|Win32
		{33417461-1195-4502-9C44-2D32AD6BC6A9}.Release|x86.Build.0 = Release|Win32
	EndGlobalSection
	GlobalSection(SolutionProperties) = preSolution
		HideSolutionNode = FALSE
	EndGlobalSection
	GlobalSection(ExtensibilityGlobals) = postSolution
		SolutionGuid = {60D19F60-D41E-46A6-B86B-076A2CB4DA80}
	EndGlobalSection
EndGlobal
